
Microsoft Visual Studio Solution File, Format Version 12.00
# Visual Studio Version 17
VisualStudioVersion = 17.5.33627.172
MinimumVisualStudioVersion = 10.0.40219.1
Project("{FAE04EC0-301F-11D3-BF4B-00C04F79EFBC}") = "VectoAPI", "VectoAPI\VectoAPI.csproj", "{47B72747-D1F0-4E39-8D18-1BA3761D6C4C}"
EndProject
Global
	GlobalSection(SolutionConfigurationPlatforms) = preSolution
		Debug|Any CPU = Debug|Any CPU
		Release|Any CPU = Release|Any CPU
	EndGlobalSection
	GlobalSection(ProjectConfigurationPlatforms) = postSolution
		{47B72747-D1F0-4E39-8D18-1BA3761D6C4C}.Debug|Any CPU.ActiveCfg = Debug|Any CPU
		{47B72747-D1F0-4E39-8D18-1BA3761D6C4C}.Debug|Any CPU.Build.0 = Debug|Any CPU
		{47B72747-D1F0-4E39-8D18-1BA3761D6C4C}.Release|Any CPU.ActiveCfg = Release|Any CPU
		{47B72747-D1F0-4E39-8D18-1BA3761D6C4C}.Release|Any CPU.Build.0 = Release|Any CPU
	EndGlobalSection
	GlobalSection(SolutionProperties) = preSolution
		HideSolutionNode = FALSE
	EndGlobalSection
	GlobalSection(ExtensibilityGlobals) = postSolution
		SolutionGuid = {B2924997-B1BA-4AB3-9602-4C8DF03EBCCF}
	EndGlobalSection
EndGlobal
